
Microsoft Visual Studio Solution File, Format Version 12.00
Project("{FAE04EC0-301F-11D3-BF4B-00C04F79EFBC}") = "BoilerPlate.WebApi", "src\BoilerPlate.WebApi\BoilerPlate.WebApi.csproj", "{3249AE4E-C7F3-48C4-9C8C-AB240FC6E68D}"
EndProject
Project("{FAE04EC0-301F-11D3-BF4B-00C04F79EFBC}") = "BoilerPlate.Core", "src\BoilerPlate.Core\BoilerPlate.Core.csproj", "{FD950AD0-5953-400D-BB8C-ADC5E915398E}"
EndProject
Global
	GlobalSection(SolutionConfigurationPlatforms) = preSolution
		Debug|Any CPU = Debug|Any CPU
		Release|Any CPU = Release|Any CPU
	EndGlobalSection
	GlobalSection(ProjectConfigurationPlatforms) = postSolution
		{3249AE4E-C7F3-48C4-9C8C-AB240FC6E68D}.Debug|Any CPU.ActiveCfg = Debug|Any CPU
		{3249AE4E-C7F3-48C4-9C8C-AB240FC6E68D}.Debug|Any CPU.Build.0 = Debug|Any CPU
		{3249AE4E-C7F3-48C4-9C8C-AB240FC6E68D}.Release|Any CPU.ActiveCfg = Release|Any CPU
		{3249AE4E-C7F3-48C4-9C8C-AB240FC6E68D}.Release|Any CPU.Build.0 = Release|Any CPU
		{FD950AD0-5953-400D-BB8C-ADC5E915398E}.Debug|Any CPU.ActiveCfg = Debug|Any CPU
		{FD950AD0-5953-400D-BB8C-ADC5E915398E}.Debug|Any CPU.Build.0 = Debug|Any CPU
		{FD950AD0-5953-400D-BB8C-ADC5E915398E}.Release|Any CPU.ActiveCfg = Release|Any CPU
		{FD950AD0-5953-400D-BB8C-ADC5E915398E}.Release|Any CPU.Build.0 = Release|Any CPU
	EndGlobalSection
EndGlobal
